// !$*UTF8*$!
{
	archiveVersion = 1;
	classes = {
	};
	objectVersion = 50;
	objects = {

/* Begin PBXBuildFile section */
		9D59CDB625D79DBD0021DA5D /* GTVideoViewController.m in Sources */ = {isa = PBXBuildFile; fileRef = 9D59CDB525D79DBD0021DA5D /* GTVideoViewController.m */; };
		9D59CDB925D7AE0C0021DA5D /* GTRecommendViewController.m in Sources */ = {isa = PBXBuildFile; fileRef = 9D59CDB825D7AE0C0021DA5D /* GTRecommendViewController.m */; };
		9D59CDBC25D7C6430021DA5D /* GTNormalTableViewCell.m in Sources */ = {isa = PBXBuildFile; fileRef = 9D59CDBB25D7C6430021DA5D /* GTNormalTableViewCell.m */; };
		9D815B0E24DDB47600B424C9 /* AppDelegate.m in Sources */ = {isa = PBXBuildFile; fileRef = 9D815B0D24DDB47600B424C9 /* AppDelegate.m */; };
		9D815B1124DDB47600B424C9 /* SceneDelegate.m in Sources */ = {isa = PBXBuildFile; fileRef = 9D815B1024DDB47600B424C9 /* SceneDelegate.m */; };
		9D815B1424DDB47600B424C9 /* ViewController.m in Sources */ = {isa = PBXBuildFile; fileRef = 9D815B1324DDB47600B424C9 /* ViewController.m */; };
		9D815B1724DDB47600B424C9 /* Main.storyboard in Resources */ = {isa = PBXBuildFile; fileRef = 9D815B1524DDB47600B424C9 /* Main.storyboard */; };
		9D815B1924DDB47A00B424C9 /* Assets.xcassets in Resources */ = {isa = PBXBuildFile; fileRef = 9D815B1824DDB47A00B424C9 /* Assets.xcassets */; };
		9D815B1C24DDB47A00B424C9 /* LaunchScreen.storyboard in Resources */ = {isa = PBXBuildFile; fileRef = 9D815B1A24DDB47A00B424C9 /* LaunchScreen.storyboard */; };
		9D815B1F24DDB47A00B424C9 /* main.m in Sources */ = {isa = PBXBuildFile; fileRef = 9D815B1E24DDB47A00B424C9 /* main.m */; };
		9D815B4B24DEBF2900B424C9 /* icon.bundle in Resources */ = {isa = PBXBuildFile; fileRef = 9D815B4A24DEBF2900B424C9 /* icon.bundle */; };
/* End PBXBuildFile section */

/* Begin PBXFileReference section */
		9D59CDB425D79DBD0021DA5D /* GTVideoViewController.h */ = {isa = PBXFileReference; lastKnownFileType = sourcecode.c.h; path = GTVideoViewController.h; sourceTree = "<group>"; };
		9D59CDB525D79DBD0021DA5D /* GTVideoViewController.m */ = {isa = PBXFileReference; lastKnownFileType = sourcecode.c.objc; path = GTVideoViewController.m; sourceTree = "<group>"; };
		9D59CDB725D7AE0C0021DA5D /* GTRecommendViewController.h */ = {isa = PBXFileReference; lastKnownFileType = sourcecode.c.h; path = GTRecommendViewController.h; sourceTree = "<group>"; };
		9D59CDB825D7AE0C0021DA5D /* GTRecommendViewController.m */ = {isa = PBXFileReference; lastKnownFileType = sourcecode.c.objc; path = GTRecommendViewController.m; sourceTree = "<group>"; };
		9D59CDBA25D7C6430021DA5D /* GTNormalTableViewCell.h */ = {isa = PBXFileReference; lastKnownFileType = sourcecode.c.h; path = GTNormalTableViewCell.h; sourceTree = "<group>"; };
		9D59CDBB25D7C6430021DA5D /* GTNormalTableViewCell.m */ = {isa = PBXFileReference; lastKnownFileType = sourcecode.c.objc; path = GTNormalTableViewCell.m; sourceTree = "<group>"; };
		9D815B0924DDB47600B424C9 /* SimpleApp.app */ = {isa = PBXFileReference; explicitFileType = wrapper.application; includeInIndex = 0; path = SimpleApp.app; sourceTree = BUILT_PRODUCTS_DIR; };
		9D815B0C24DDB47600B424C9 /* AppDelegate.h */ = {isa = PBXFileReference; lastKnownFileType = sourcecode.c.h; path = AppDelegate.h; sourceTree = "<group>"; };
		9D815B0D24DDB47600B424C9 /* AppDelegate.m */ = {isa = PBXFileReference; lastKnownFileType = sourcecode.c.objc; path = AppDelegate.m; sourceTree = "<group>"; };
		9D815B0F24DDB47600B424C9 /* SceneDelegate.h */ = {isa = PBXFileReference; lastKnownFileType = sourcecode.c.h; path = SceneDelegate.h; sourceTree = "<group>"; };
		9D815B1024DDB47600B424C9 /* SceneDelegate.m */ = {isa = PBXFileReference; lastKnownFileType = sourcecode.c.objc; path = SceneDelegate.m; sourceTree = "<group>"; };
		9D815B1224DDB47600B424C9 /* ViewController.h */ = {isa = PBXFileReference; lastKnownFileType = sourcecode.c.h; path = ViewController.h; sourceTree = "<group>"; };
		9D815B1324DDB47600B424C9 /* ViewController.m */ = {isa = PBXFileReference; lastKnownFileType = sourcecode.c.objc; path = ViewController.m; sourceTree = "<group>"; };
		9D815B1624DDB47600B424C9 /* Base */ = {isa = PBXFileReference; lastKnownFileType = file.storyboard; name = Base; path = Base.lproj/Main.storyboard; sourceTree = "<group>"; };
		9D815B1824DDB47A00B424C9 /* Assets.xcassets */ = {isa = PBXFileReference; lastKnownFileType = folder.assetcatalog; path = Assets.xcassets; sourceTree = "<group>"; };
		9D815B1B24DDB47A00B424C9 /* Base */ = {isa = PBXFileReference; lastKnownFileType = file.storyboard; name = Base; path = Base.lproj/LaunchScreen.storyboard; sourceTree = "<group>"; };
		9D815B1D24DDB47A00B424C9 /* Info.plist */ = {isa = PBXFileReference; lastKnownFileType = text.plist.xml; path = Info.plist; sourceTree = "<group>"; };
		9D815B1E24DDB47A00B424C9 /* main.m */ = {isa = PBXFileReference; lastKnownFileType = sourcecode.c.objc; path = main.m; sourceTree = "<group>"; };
		9D815B4A24DEBF2900B424C9 /* icon.bundle */ = {isa = PBXFileReference; lastKnownFileType = "wrapper.plug-in"; path = icon.bundle; sourceTree = "<group>"; };
/* End PBXFileReference section */

/* Begin PBXFrameworksBuildPhase section */
		9D815B0624DDB47600B424C9 /* Frameworks */ = {
			isa = PBXFrameworksBuildPhase;
			buildActionMask = 2147483647;
			files = (
			);
			runOnlyForDeploymentPostprocessing = 0;
		};
/* End PBXFrameworksBuildPhase section */

/* Begin PBXGroup section */
		9D815B0024DDB47600B424C9 = {
			isa = PBXGroup;
			children = (
				9D815B0B24DDB47600B424C9 /* SimpleApp */,
				9D815B0A24DDB47600B424C9 /* Products */,
			);
			sourceTree = "<group>";
		};
		9D815B0A24DDB47600B424C9 /* Products */ = {
			isa = PBXGroup;
			children = (
				9D815B0924DDB47600B424C9 /* SimpleApp.app */,
			);
			name = Products;
			sourceTree = "<group>";
		};
		9D815B0B24DDB47600B424C9 /* SimpleApp */ = {
			isa = PBXGroup;
			children = (
				9D815B0C24DDB47600B424C9 /* AppDelegate.h */,
				9D815B0D24DDB47600B424C9 /* AppDelegate.m */,
				9D815B0F24DDB47600B424C9 /* SceneDelegate.h */,
				9D815B1024DDB47600B424C9 /* SceneDelegate.m */,
				9D815B1224DDB47600B424C9 /* ViewController.h */,
				9D815B1324DDB47600B424C9 /* ViewController.m */,
				9D815B1524DDB47600B424C9 /* Main.storyboard */,
				9D815B1824DDB47A00B424C9 /* Assets.xcassets */,
				9D815B1A24DDB47A00B424C9 /* LaunchScreen.storyboard */,
				9D815B1D24DDB47A00B424C9 /* Info.plist */,
				9D815B4A24DEBF2900B424C9 /* icon.bundle */,
				9D815B1E24DDB47A00B424C9 /* main.m */,
				9D59CDB425D79DBD0021DA5D /* GTVideoViewController.h */,
				9D59CDB525D79DBD0021DA5D /* GTVideoViewController.m */,
				9D59CDB725D7AE0C0021DA5D /* GTRecommendViewController.h */,
				9D59CDB825D7AE0C0021DA5D /* GTRecommendViewController.m */,
				9D59CDBA25D7C6430021DA5D /* GTNormalTableViewCell.h */,
				9D59CDBB25D7C6430021DA5D /* GTNormalTableViewCell.m */,
			);
			path = SimpleApp;
			sourceTree = "<group>";
		};
/* End PBXGroup section */

/* Begin PBXNativeTarget section */
		9D815B0824DDB47600B424C9 /* SimpleApp */ = {
			isa = PBXNativeTarget;
			buildConfigurationList = 9D815B2224DDB47A00B424C9 /* Build configuration list for PBXNativeTarget "SimpleApp" */;
			buildPhases = (
				9D815B0524DDB47600B424C9 /* Sources */,
				9D815B0624DDB47600B424C9 /* Frameworks */,
				9D815B0724DDB47600B424C9 /* Resources */,
			);
			buildRules = (
			);
			dependencies = (
			);
			name = SimpleApp;
			productName = SimpleApp;
			productReference = 9D815B0924DDB47600B424C9 /* SimpleApp.app */;
			productType = "com.apple.product-type.application";
		};
/* End PBXNativeTarget section */

/* Begin PBXProject section */
		9D815B0124DDB47600B424C9 /* Project object */ = {
			isa = PBXProject;
			attributes = {
				LastUpgradeCheck = 1160;
				ORGANIZATIONNAME = DuanZhu;
				TargetAttributes = {
					9D815B0824DDB47600B424C9 = {
						CreatedOnToolsVersion = 11.6;
					};
				};
			};
			buildConfigurationList = 9D815B0424DDB47600B424C9 /* Build configuration list for PBXProject "SimpleApp" */;
			compatibilityVersion = "Xcode 9.3";
			developmentRegion = en;
			hasScannedForEncodings = 0;
			knownRegions = (
				en,
				Base,
			);
			mainGroup = 9D815B0024DDB47600B424C9;
			productRefGroup = 9D815B0A24DDB47600B424C9 /* Products */;
			projectDirPath = "";
			projectRoot = "";
			targets = (
				9D815B0824DDB47600B424C9 /* SimpleApp */,
			);
		};
/* End PBXProject section */

/* Begin PBXResourcesBuildPhase section */
		9D815B0724DDB47600B424C9 /* Resources */ = {
			isa = PBXResourcesBuildPhase;
			buildActionMask = 2147483647;
			files = (
				9D815B4B24DEBF2900B424C9 /* icon.bundle in Resources */,
				9D815B1C24DDB47A00B424C9 /* LaunchScreen.storyboard in Resources */,
				9D815B1924DDB47A00B424C9 /* Assets.xcassets in Resources */,
				9D815B1724DDB47600B424C9 /* Main.storyboard in Resources */,
			);
			runOnlyForDeploymentPostprocessing = 0;
		};
/* End PBXResourcesBuildPhase section */

/* Begin PBXSourcesBuildPhase section */
		9D815B0524DDB47600B424C9 /* Sources */ = {
			isa = PBXSourcesBuildPhase;
			buildActionMask = 2147483647;
			files = (
				9D59CDBC25D7C6430021DA5D /* GTNormalTableViewCell.m in Sources */,
				9D815B1424DDB47600B424C9 /* ViewController.m in Sources */,
				9D59CDB625D79DBD0021DA5D /* GTVideoViewController.m in Sources */,
				9D59CDB925D7AE0C0021DA5D /* GTRecommendViewController.m in Sources */,
				9D815B0E24DDB47600B424C9 /* AppDelegate.m in Sources */,
				9D815B1F24DDB47A00B424C9 /* main.m in Sources */,
				9D815B1124DDB47600B424C9 /* SceneDelegate.m in Sources */,
			);
			runOnlyForDeploymentPostprocessing = 0;
		};
/* End PBXSourcesBuildPhase section */

/* Begin PBXVariantGroup section */
		9D815B1524DDB47600B424C9 /* Main.storyboard */ = {
			isa = PBXVariantGroup;
			children = (
				9D815B1624DDB47600B424C9 /* Base */,
			);
			name = Main.storyboard;
			sourceTree = "<group>";
		};
		9D815B1A24DDB47A00B424C9 /* LaunchScreen.storyboard */ = {
			isa = PBXVariantGroup;
			children = (
				9D815B1B24DDB47A00B424C9 /* Base */,
			);
			name = LaunchScreen.storyboard;
			sourceTree = "<group>";
		};
/* End PBXVariantGroup section */

/* Begin XCBuildConfiguration section */
		9D815B2024DDB47A00B424C9 /* Debug */ = {
			isa = XCBuildConfiguration;
			buildSettings = {
				ALWAYS_SEARCH_USER_PATHS = NO;
				CLANG_ANALYZER_NONNULL = YES;
				CLANG_ANALYZER_NUMBER_OBJECT_CONVERSION = YES_AGGRESSIVE;
				CLANG_CXX_LANGUAGE_STANDARD = "gnu++14";
				CLANG_CXX_LIBRARY = "libc++";
				CLANG_ENABLE_MODULES = YES;
				CLANG_ENABLE_OBJC_ARC = YES;
				CLANG_ENABLE_OBJC_WEAK = YES;
				CLANG_WARN_BLOCK_CAPTURE_AUTORELEASING = YES;
				CLANG_WARN_BOOL_CONVERSION = YES;
				CLANG_WARN_COMMA = YES;
				CLANG_WARN_CONSTANT_CONVERSION = YES;
				CLANG_WARN_DEPRECATED_OBJC_IMPLEMENTATIONS = YES;
				CLANG_WARN_DIRECT_OBJC_ISA_USAGE = YES_ERROR;
				CLANG_WARN_DOCUMENTATION_COMMENTS = YES;
				CLANG_WARN_EMPTY_BODY = YES;
				CLANG_WARN_ENUM_CONVERSION = YES;
				CLANG_WARN_INFINITE_RECURSION = YES;
				CLANG_WARN_INT_CONVERSION = YES;
				CLANG_WARN_NON_LITERAL_NULL_CONVERSION = YES;
				CLANG_WARN_OBJC_IMPLICIT_RETAIN_SELF = YES;
				CLANG_WARN_OBJC_LITERAL_CONVERSION = YES;
				CLANG_WARN_OBJC_ROOT_CLASS = YES_ERROR;
				CLANG_WARN_RANGE_LOOP_ANALYSIS = YES;
				CLANG_WARN_STRICT_PROTOTYPES = YES;
				CLANG_WARN_SUSPICIOUS_MOVE = YES;
				CLANG_WARN_UNGUARDED_AVAILABILITY = YES_AGGRESSIVE;
				CLANG_WARN_UNREACHABLE_CODE = YES;
				CLANG_WARN__DUPLICATE_METHOD_MATCH = YES;
				COPY_PHASE_STRIP = NO;
				DEBUG_INFORMATION_FORMAT = dwarf;
				ENABLE_STRICT_OBJC_MSGSEND = YES;
				ENABLE_TESTABILITY = YES;
				GCC_C_LANGUAGE_STANDARD = gnu11;
				GCC_DYNAMIC_NO_PIC = NO;
				GCC_NO_COMMON_BLOCKS = YES;
				GCC_OPTIMIZATION_LEVEL = 0;
				GCC_PREPROCESSOR_DEFINITIONS = (
					"DEBUG=1",
					"$(inherited)",
				);
				GCC_WARN_64_TO_32_BIT_CONVERSION = YES;
				GCC_WARN_ABOUT_RETURN_TYPE = YES_ERROR;
				GCC_WARN_UNDECLARED_SELECTOR = YES;
				GCC_WARN_UNINITIALIZED_AUTOS = YES_AGGRESSIVE;
				GCC_WARN_UNUSED_FUNCTION = YES;
				GCC_WARN_UNUSED_VARIABLE = YES;
				IPHONEOS_DEPLOYMENT_TARGET = 13.6;
				MTL_ENABLE_DEBUG_INFO = INCLUDE_SOURCE;
				MTL_FAST_MATH = YES;
				ONLY_ACTIVE_ARCH = YES;
				SDKROOT = iphoneos;
			};
			name = Debug;
		};
		9D815B2124DDB47A00B424C9 /* Release */ = {
			isa = XCBuildConfiguration;
			buildSettings = {
				ALWAYS_SEARCH_USER_PATHS = NO;
				CLANG_ANALYZER_NONNULL = YES;
				CLANG_ANALYZER_NUMBER_OBJECT_CONVERSION = YES_AGGRESSIVE;
				CLANG_CXX_LANGUAGE_STANDARD = "gnu++14";
				CLANG_CXX_LIBRARY = "libc++";
				CLANG_ENABLE_MODULES = YES;
				CLANG_ENABLE_OBJC_ARC = YES;
				CLANG_ENABLE_OBJC_WEAK = YES;
				CLANG_WARN_BLOCK_CAPTURE_AUTORELEASING = YES;
				CLANG_WARN_BOOL_CONVERSION = YES;
				CLANG_WARN_COMMA = YES;
				CLANG_WARN_CONSTANT_CONVERSION = YES;
				CLANG_WARN_DEPRECATED_OBJC_IMPLEMENTATIONS = YES;
				CLANG_WARN_DIRECT_OBJC_ISA_USAGE = YES_ERROR;
				CLANG_WARN_DOCUMENTATION_COMMENTS = YES;
				CLANG_WARN_EMPTY_BODY = YES;
				CLANG_WARN_ENUM_CONVERSION = YES;
				CLANG_WARN_INFINITE_RECURSION = YES;
				CLANG_WARN_INT_CONVERSION = YES;
				CLANG_WARN_NON_LITERAL_NULL_CONVERSION = YES;
				CLANG_WARN_OBJC_IMPLICIT_RETAIN_SELF = YES;
				CLANG_WARN_OBJC_LITERAL_CONVERSION = YES;
				CLANG_WARN_OBJC_ROOT_CLASS = YES_ERROR;
				CLANG_WARN_RANGE_LOOP_ANALYSIS = YES;
				CLANG_WARN_STRICT_PROTOTYPES = YES;
				CLANG_WARN_SUSPICIOUS_MOVE = YES;
				CLANG_WARN_UNGUARDED_AVAILABILITY = YES_AGGRESSIVE;
				CLANG_WARN_UNREACHABLE_CODE = YES;
				CLANG_WARN__DUPLICATE_METHOD_MATCH = YES;
				COPY_PHASE_STRIP = NO;
				DEBUG_INFORMATION_FORMAT = "dwarf-with-dsym";
				ENABLE_NS_ASSERTIONS = NO;
				ENABLE_STRICT_OBJC_MSGSEND = YES;
				GCC_C_LANGUAGE_STANDARD = gnu11;
				GCC_NO_COMMON_BLOCKS = YES;
				GCC_WARN_64_TO_32_BIT_CONVERSION = YES;
				GCC_WARN_ABOUT_RETURN_TYPE = YES_ERROR;
				GCC_WARN_UNDECLARED_SELECTOR = YES;
				GCC_WARN_UNINITIALIZED_AUTOS = YES_AGGRESSIVE;
				GCC_WARN_UNUSED_FUNCTION = YES;
				GCC_WARN_UNUSED_VARIABLE = YES;
				IPHONEOS_DEPLOYMENT_TARGET = 13.6;
				MTL_ENABLE_DEBUG_INFO = NO;
				MTL_FAST_MATH = YES;
				SDKROOT = iphoneos;
				VALIDATE_PRODUCT = YES;
			};
			name = Release;
		};
		9D815B2324DDB47A00B424C9 /* Debug */ = {
			isa = XCBuildConfiguration;
			buildSettings = {
				ASSETCATALOG_COMPILER_APPICON_NAME = AppIcon;
				CODE_SIGN_STYLE = Automatic;
				INFOPLIST_FILE = SimpleApp/Info.plist;
				LD_RUNPATH_SEARCH_PATHS = (
					"$(inherited)",
					"@executable_path/Frameworks",
				);
				PRODUCT_BUNDLE_IDENTIFIER = com.duanzhu.SimpleApp;
				PRODUCT_NAME = "$(TARGET_NAME)";
				TARGETED_DEVICE_FAMILY = "1,2";
			};
			name = Debug;
		};
		9D815B2424DDB47A00B424C9 /* Release */ = {
			isa = XCBuildConfiguration;
			buildSettings = {
				ASSETCATALOG_COMPILER_APPICON_NAME = AppIcon;
				CODE_SIGN_STYLE = Automatic;
				INFOPLIST_FILE = SimpleApp/Info.plist;
				LD_RUNPATH_SEARCH_PATHS = (
					"$(inherited)",
					"@executable_path/Frameworks",
				);
				PRODUCT_BUNDLE_IDENTIFIER = com.duanzhu.SimpleApp;
				PRODUCT_NAME = "$(TARGET_NAME)";
				TARGETED_DEVICE_FAMILY = "1,2";
			};
			name = Release;
		};
/* End XCBuildConfiguration section */

/* Begin XCConfigurationList section */
		9D815B0424DDB47600B424C9 /* Build configuration list for PBXProject "SimpleApp" */ = {
			isa = XCConfigurationList;
			buildConfigurations = (
				9D815B2024DDB47A00B424C9 /* Debug */,
				9D815B2124DDB47A00B424C9 /* Release */,
			);
			defaultConfigurationIsVisible = 0;
			defaultConfigurationName = Release;
		};
		9D815B2224DDB47A00B424C9 /* Build configuration list for PBXNativeTarget "SimpleApp" */ = {
			isa = XCConfigurationList;
			buildConfigurations = (
				9D815B2324DDB47A00B424C9 /* Debug */,
				9D815B2424DDB47A00B424C9 /* Release */,
			);
			defaultConfigurationIsVisible = 0;
			defaultConfigurationName = Release;
		};
/* End XCConfigurationList section */
	};
	rootObject = 9D815B0124DDB47600B424C9 /* Project object */;
}
